Microsoft Visual Studio Solution File, Format Version 11.00
# Visual Studio 2008

Project("{D1E6DEC3-03C6-3030-7A7B-DD0EFE5DC537}") = "ParticleCallbacks", "Assembly-CSharp-firstpass.csproj", "{E5251391-601D-A493-EDDA-DCFB917AA4C6}"
EndProject
Project("{D1E6DEC3-03C6-3030-7A7B-DD0EFE5DC537}") = "ParticleCallbacks", "Assembly-CSharp.csproj", "{78E76C6D-E607-B766-D316-EE340F3A5CE5}"
EndProject
Project("{D1E6DEC3-03C6-3030-7A7B-DD0EFE5DC537}") = "ParticleCallbacks", "Assembly-UnityScript-firstpass.unityproj", "{BD3D6BA4-4A83-AA6B-B145-EF7F1105B7DD}"
EndProject
Project("{D1E6DEC3-03C6-3030-7A7B-DD0EFE5DC537}") = "ParticleCallbacks", "Assembly-UnityScript-Editor-firstpass.unityproj", "{D681BC56-F3AD-3153-C7D5-AC552F50A443}"
EndProject
Global
	GlobalSection(SolutionConfigurationPlatforms) = preSolution
		Debug|Any CPU = Debug|Any CPU
		Release|Any CPU = Release|Any CPU
	EndGlobalSection
	GlobalSection(ProjectConfigurationPlatforms) = postSolution
		{E5251391-601D-A493-EDDA-DCFB917AA4C6}.Debug|Any CPU.ActiveCfg = Debug|Any CPU
		{E5251391-601D-A493-EDDA-DCFB917AA4C6}.Debug|Any CPU.Build.0 = Debug|Any CPU
		{E5251391-601D-A493-EDDA-DCFB917AA4C6}.Release|Any CPU.ActiveCfg = Release|Any CPU
		{E5251391-601D-A493-EDDA-DCFB917AA4C6}.Release|Any CPU.Build.0 = Release|Any CPU
		{78E76C6D-E607-B766-D316-EE340F3A5CE5}.Debug|Any CPU.ActiveCfg = Debug|Any CPU
		{78E76C6D-E607-B766-D316-EE340F3A5CE5}.Debug|Any CPU.Build.0 = Debug|Any CPU
		{78E76C6D-E607-B766-D316-EE340F3A5CE5}.Release|Any CPU.ActiveCfg = Release|Any CPU
		{78E76C6D-E607-B766-D316-EE340F3A5CE5}.Release|Any CPU.Build.0 = Release|Any CPU
		{BD3D6BA4-4A83-AA6B-B145-EF7F1105B7DD}.Debug|Any CPU.ActiveCfg = Debug|Any CPU
		{BD3D6BA4-4A83-AA6B-B145-EF7F1105B7DD}.Debug|Any CPU.Build.0 = Debug|Any CPU
		{BD3D6BA4-4A83-AA6B-B145-EF7F1105B7DD}.Release|Any CPU.ActiveCfg = Release|Any CPU
		{BD3D6BA4-4A83-AA6B-B145-EF7F1105B7DD}.Release|Any CPU.Build.0 = Release|Any CPU
		{D681BC56-F3AD-3153-C7D5-AC552F50A443}.Debug|Any CPU.ActiveCfg = Debug|Any CPU
		{D681BC56-F3AD-3153-C7D5-AC552F50A443}.Debug|Any CPU.Build.0 = Debug|Any CPU
		{D681BC56-F3AD-3153-C7D5-AC552F50A443}.Release|Any CPU.ActiveCfg = Release|Any CPU
		{D681BC56-F3AD-3153-C7D5-AC552F50A443}.Release|Any CPU.Build.0 = Release|Any CPU
	EndGlobalSection
	GlobalSection(SolutionProperties) = preSolution
		HideSolutionNode = FALSE
	EndGlobalSection
																	GlobalSection(MonoDevelopProperties) = preSolution
		StartupItem = Assembly-CSharp.csproj
		Policies = $0
		$0.TextStylePolicy = $1
		$1.inheritsSet = null
		$1.scope = text/x-csharp
		$0.CSharpFormattingPolicy = $2
		$2.inheritsSet = Mono
		$2.inheritsScope = text/x-csharp
		$2.scope = text/x-csharp
		$0.TextStylePolicy = $3
		$3.FileWidth = 120
		$3.TabWidth = 4
		$3.EolMarker = Unix
		$3.inheritsSet = Mono
		$3.inheritsScope = text/plain
		$3.scope = text/plain
	EndGlobalSection

EndGlobal
